<?xml version="1.0" encoding="utf-8"?>
<Project ToolsVersion="4.0" xmlns="http://schemas.microsoft.com/developer/msbuild/2003">
  <ItemGroup>
    <Filter Include="Source Files">
      <UniqueIdentifier>{4FC737F1-C7A5-4376-A066-2A32D752A2FF}</UniqueIdentifier>
      <Extensions>cpp;c;cc;cxx;def;odl;idl;hpj;bat;asm;asmx</Extensions>
    </Filter>
    <Filter Include="Header Files">
      <UniqueIdentifier>{93995380-89BD-4b04-88EB-625FBE52EBFB}</UniqueIdentifier>
      <Extensions>h;hh;hpp;hxx;hm;inl;inc;xsd</Extensions>
    </Filter>
    <Filter Include="State Machine">
      <UniqueIdentifier>{7bfe6a21-77cd-4dd3-9277-7ae64ffe7de3}</UniqueIdentifier>
    </Filter>
    <Filter Include="Objects">
      <UniqueIdentifier>{718e78b6-4d13-437e-8b11-816e0d0a9b3f}</UniqueIdentifier>
    </Filter>
    <Filter Include="UI">
      <UniqueIdentifier>{9b09a75b-6a6d-4368-b40a-6520bc8fa027}</UniqueIdentifier>
    </Filter>
    <Filter Include="Physics">
      <UniqueIdentifier>{552d504f-8371-4a53-a5d1-d83b48cbc2bd}</UniqueIdentifier>
    </Filter>
  </ItemGroup>
  <ItemGroup>
    <ClCompile Include="main.cpp">
      <Filter>Source Files</Filter>
    </ClCompile>
    <ClCompile Include="C_Application.cpp">
      <Filter>Source Files</Filter>
    </ClCompile>
    <ClCompile Include="C_Utilities.cpp">
      <Filter>Source Files</Filter>
    </ClCompile>
    <ClCompile Include="C_State.cpp">
      <Filter>State Machine</Filter>
    </ClCompile>
    <ClCompile Include="C_StateSplash.cpp">
      <Filter>State Machine</Filter>
    </ClCompile>
    <ClCompile Include="C_Timer.cpp">
      <Filter>Source Files</Filter>
    </ClCompile>
    <ClCompile Include="C_StateTitle.cpp">
      <Filter>State Machine</Filter>
    </ClCompile>
    <ClCompile Include="C_StateCredits.cpp">
      <Filter>State Machine</Filter>
    </ClCompile>
    <ClCompile Include="C_StateGame.cpp">
      <Filter>State Machine</Filter>
    </ClCompile>
    <ClCompile Include="C_StateGameOver.cpp">
      <Filter>State Machine</Filter>
    </ClCompile>
    <ClCompile Include="C_StateMenu.cpp">
      <Filter>State Machine</Filter>
    </ClCompile>
    <ClCompile Include="C_StateOptions.cpp">
      <Filter>State Machine</Filter>
    </ClCompile>
    <ClCompile Include="C_GameObject.cpp">
      <Filter>Objects</Filter>
    </ClCompile>
    <ClCompile Include="C_Level.cpp">
      <Filter>Source Files</Filter>
    </ClCompile>
    <ClCompile Include="C_UIElement.cpp">
      <Filter>UI</Filter>
    </ClCompile>
    <ClCompile Include="C_Button.cpp">
      <Filter>UI</Filter>
    </ClCompile>
    <ClCompile Include="C_Character.cpp">
      <Filter>Objects</Filter>
    </ClCompile>
    <ClCompile Include="C_Player.cpp">
      <Filter>Objects</Filter>
    </ClCompile>
    <ClCompile Include="C_Rigidbody2D.cpp">
      <Filter>Physics</Filter>
    </ClCompile>
    <ClCompile Include="C_Collision2D.cpp">
      <Filter>Physics</Filter>
    </ClCompile>
  </ItemGroup>
  <ItemGroup>
    <ClInclude Include="C_Application.h">
      <Filter>Header Files</Filter>
    </ClInclude>
    <ClInclude Include="C_Utilities.h">
      <Filter>Header Files</Filter>
    </ClInclude>
    <ClInclude Include="C_State.h">
      <Filter>State Machine</Filter>
    </ClInclude>
    <ClInclude Include="C_StateSplash.h">
      <Filter>State Machine</Filter>
    </ClInclude>
    <ClInclude Include="C_Timer.h">
      <Filter>Header Files</Filter>
    </ClInclude>
    <ClInclude Include="C_StateTitle.h">
      <Filter>State Machine</Filter>
    </ClInclude>
    <ClInclude Include="C_StateOptions.h">
      <Filter>State Machine</Filter>
    </ClInclude>
    <ClInclude Include="C_StateCredits.h">
      <Filter>State Machine</Filter>
    </ClInclude>
    <ClInclude Include="C_StateGame.h">
      <Filter>State Machine</Filter>
    </ClInclude>
    <ClInclude Include="C_StateGameOver.h">
      <Filter>State Machine</Filter>
    </ClInclude>
    <ClInclude Include="C_StateMenu.h">
      <Filter>State Machine</Filter>
    </ClInclude>
    <ClInclude Include="C_GameObject.h">
      <Filter>Objects</Filter>
    </ClInclude>
    <ClInclude Include="C_Level.h">
      <Filter>Header Files</Filter>
    </ClInclude>
    <ClInclude Include="C_UIElement.h">
      <Filter>UI</Filter>
    </ClInclude>
    <ClInclude Include="C_Button.h">
      <Filter>UI</Filter>
    </ClInclude>
    <ClInclude Include="C_Character.h">
      <Filter>Objects</Filter>
    </ClInclude>
    <ClInclude Include="C_Player.h">
      <Filter>Objects</Filter>
    </ClInclude>
    <ClInclude Include="C_Rigidbody2D.h">
      <Filter>Physics</Filter>
    </ClInclude>
    <ClInclude Include="C_Collision2D.h">
      <Filter>Physics</Filter>
    </ClInclude>
  </ItemGroup>
</Project>